
Microsoft Visual Studio Solution File, Format Version 12.00
# Visual Studio Version 17
VisualStudioVersion = 17.8.34330.188
MinimumVisualStudioVersion = 10.0.40219.1
Project("{FAE04EC0-301F-11D3-BF4B-00C04F79EFBC}") = "NimTests", "NimTests\NimTests.csproj", "{D2328B1E-6F42-4916-B98B-ACB7093763DC}"
EndProject
Global
	GlobalSection(SolutionConfigurationPlatforms) = preSolution
		Debug|Any CPU = Debug|Any CPU
		Release|Any CPU = Release|Any CPU
	EndGlobalSection
	GlobalSection(ProjectConfigurationPlatforms) = postSolution
		{D2328B1E-6F42-4916-B98B-ACB7093763DC}.Debug|Any CPU.ActiveCfg = Debug|Any CPU
		{D2328B1E-6F42-4916-B98B-ACB7093763DC}.Debug|Any CPU.Build.0 = Debug|Any CPU
		{D2328B1E-6F42-4916-B98B-ACB7093763DC}.Release|Any CPU.ActiveCfg = Release|Any CPU
		{D2328B1E-6F42-4916-B98B-ACB7093763DC}.Release|Any CPU.Build.0 = Release|Any CPU
	EndGlobalSection
	GlobalSection(SolutionProperties) = preSolution
		HideSolutionNode = FALSE
	EndGlobalSection
	GlobalSection(ExtensibilityGlobals) = postSolution
		SolutionGuid = {5E346F28-97F1-43FB-844F-A725455FAC12}
	EndGlobalSection
EndGlobal
